
Microsoft Visual Studio Solution File, Format Version 12.00
# Visual Studio Version 17
VisualStudioVersion = 17.11.35303.130
MinimumVisualStudioVersion = 10.0.40219.1
Project("{9A19103F-16F7-4668-BE54-9A1E7A4F7556}") = "OrderServiceProject", "AspMicroservices\OrderServiceProject.csproj", "{3CFA5FA8-FBD1-4EB4-BE88-443E07D55C24}"
EndProject
Project("{9A19103F-16F7-4668-BE54-9A1E7A4F7556}") = "UserServiceProject", "UserService\UserServiceProject.csproj", "{48BF0ABA-06CB-4DE5-9DC3-C798C973C823}"
EndProject
Project("{9A19103F-16F7-4668-BE54-9A1E7A4F7556}") = "ProductServiceProject", "ProductService\ProductServiceProject.csproj", "{53EB9ACD-476E-46D6-9682-5A9E238A4165}"
EndProject
Project("{9A19103F-16F7-4668-BE54-9A1E7A4F7556}") = "SharedModels", "SharedModels\SharedModels.csproj", "{4A6C4C86-A0BD-46D0-AF68-34EE4A2829D3}"
EndProject
Global
	GlobalSection(SolutionConfigurationPlatforms) = preSolution
		Debug|Any CPU = Debug|Any CPU
		Release|Any CPU = Release|Any CPU
	EndGlobalSection
	GlobalSection(ProjectConfigurationPlatforms) = postSolution
		{3CFA5FA8-FBD1-4EB4-BE88-443E07D55C24}.Debug|Any CPU.ActiveCfg = Debug|Any CPU
		{3CFA5FA8-FBD1-4EB4-BE88-443E07D55C24}.Debug|Any CPU.Build.0 = Debug|Any CPU
		{3CFA5FA8-FBD1-4EB4-BE88-443E07D55C24}.Release|Any CPU.ActiveCfg = Release|Any CPU
		{3CFA5FA8-FBD1-4EB4-BE88-443E07D55C24}.Release|Any CPU.Build.0 = Release|Any CPU
		{48BF0ABA-06CB-4DE5-9DC3-C798C973C823}.Debug|Any CPU.ActiveCfg = Debug|Any CPU
		{48BF0ABA-06CB-4DE5-9DC3-C798C973C823}.Debug|Any CPU.Build.0 = Debug|Any CPU
		{48BF0ABA-06CB-4DE5-9DC3-C798C973C823}.Release|Any CPU.ActiveCfg = Release|Any CPU
		{48BF0ABA-06CB-4DE5-9DC3-C798C973C823}.Release|Any CPU.Build.0 = Release|Any CPU
		{53EB9ACD-476E-46D6-9682-5A9E238A4165}.Debug|Any CPU.ActiveCfg = Debug|Any CPU
		{53EB9ACD-476E-46D6-9682-5A9E238A4165}.Debug|Any CPU.Build.0 = Debug|Any CPU
		{53EB9ACD-476E-46D6-9682-5A9E238A4165}.Release|Any CPU.ActiveCfg = Release|Any CPU
		{53EB9ACD-476E-46D6-9682-5A9E238A4165}.Release|Any CPU.Build.0 = Release|Any CPU
		{4A6C4C86-A0BD-46D0-AF68-34EE4A2829D3}.Debug|Any CPU.ActiveCfg = Debug|Any CPU
		{4A6C4C86-A0BD-46D0-AF68-34EE4A2829D3}.Debug|Any CPU.Build.0 = Debug|Any CPU
		{4A6C4C86-A0BD-46D0-AF68-34EE4A2829D3}.Release|Any CPU.ActiveCfg = Release|Any CPU
		{4A6C4C86-A0BD-46D0-AF68-34EE4A2829D3}.Release|Any CPU.Build.0 = Release|Any CPU
	EndGlobalSection
	GlobalSection(SolutionProperties) = preSolution
		HideSolutionNode = FALSE
	EndGlobalSection
	GlobalSection(ExtensibilityGlobals) = postSolution
		SolutionGuid = {1195C3EA-5576-4693-9D87-F6D444C7972B}
	EndGlobalSection
EndGlobal
